
Microsoft Visual Studio Solution File, Format Version 12.00
# Visual Studio 15
VisualStudioVersion = 15.0.26228.92
MinimumVisualStudioVersion = 10.0.40219.1
Project("{FAE04EC0-301F-11D3-BF4B-00C04F79EFBC}") = "ProjetoCSharp", "ProjetoCSharp\ProjetoCSharp.csproj", "{D16F80BA-658B-42EE-8E67-A8FE77E0D197}"
EndProject
Project("{2150E333-8FDC-42A3-9474-1A3956D46DE8}") = "Solution Items", "Solution Items", "{A81FDE87-CC99-4CBA-92EE-1B3FEEA01CDB}"
	ProjectSection(SolutionItems) = preProject
		EntityFramework.txt = EntityFramework.txt
	EndProjectSection
EndProject
Global
	GlobalSection(SolutionConfigurationPlatforms) = preSolution
		Debug|Any CPU = Debug|Any CPU
		Release|Any CPU = Release|Any CPU
	EndGlobalSection
	GlobalSection(ProjectConfigurationPlatforms) = postSolution
		{D16F80BA-658B-42EE-8E67-A8FE77E0D197}.Debug|Any CPU.ActiveCfg = Debug|Any CPU
		{D16F80BA-658B-42EE-8E67-A8FE77E0D197}.Debug|Any CPU.Build.0 = Debug|Any CPU
		{D16F80BA-658B-42EE-8E67-A8FE77E0D197}.Release|Any CPU.ActiveCfg = Release|Any CPU
		{D16F80BA-658B-42EE-8E67-A8FE77E0D197}.Release|Any CPU.Build.0 = Release|Any CPU
	EndGlobalSection
	GlobalSection(SolutionProperties) = preSolution
		HideSolutionNode = FALSE
	EndGlobalSection
	GlobalSection(ExtensibilityGlobals) = postSolution
		SolutionGuid = {991348BE-767B-49B9-A3E3-47A0111A3D4D}
	EndGlobalSection
EndGlobal
